
Microsoft Visual Studio Solution File, Format Version 12.00
# Visual Studio 15
VisualStudioVersion = 15.0.27130.2020
MinimumVisualStudioVersion = 10.0.40219.1
Project("{9A19103F-16F7-4668-BE54-9A1E7A4F7556}") = "MALRO-Bot", "MALRO-Bot\MALRO-Bot.csproj", "{7E9B1A2C-0F68-41A1-BED3-00D993C2F0AB}"
EndProject
Global
	GlobalSection(SolutionConfigurationPlatforms) = preSolution
		Debug|Any CPU = Debug|Any CPU
		Release|Any CPU = Release|Any CPU
	EndGlobalSection
	GlobalSection(ProjectConfigurationPlatforms) = postSolution
		{7E9B1A2C-0F68-41A1-BED3-00D993C2F0AB}.Debug|Any CPU.ActiveCfg = Debug|Any CPU
		{7E9B1A2C-0F68-41A1-BED3-00D993C2F0AB}.Debug|Any CPU.Build.0 = Debug|Any CPU
		{7E9B1A2C-0F68-41A1-BED3-00D993C2F0AB}.Release|Any CPU.ActiveCfg = Release|Any CPU
		{7E9B1A2C-0F68-41A1-BED3-00D993C2F0AB}.Release|Any CPU.Build.0 = Release|Any CPU
	EndGlobalSection
	GlobalSection(SolutionProperties) = preSolution
		HideSolutionNode = FALSE
	EndGlobalSection
	GlobalSection(ExtensibilityGlobals) = postSolution
		SolutionGuid = {09F110F6-4C0E-476C-AF3E-1AE3FE777EEC}
	EndGlobalSection
EndGlobal
